
Microsoft Visual Studio Solution File, Format Version 12.00
# Visual Studio Version 16
VisualStudioVersion = 16.0.32602.291
MinimumVisualStudioVersion = 10.0.40219.1
Project("{8BC9CEB8-8B4A-11D0-8D11-00A0C91BC942}") = "wnf", "wnf\wnf.vcxproj", "{EA8F2C0A-C2FC-41D3-B649-93C8C2570B28}"
EndProject
Project("{8BC9CEB8-8B4A-11D0-8D11-00A0C91BC942}") = "payload", "payload\payload.vcxproj", "{887FD9A9-40E3-4CB5-BD97-2132DF70BD62}"
EndProject
Global
	GlobalSection(SolutionConfigurationPlatforms) = preSolution
		Debug|x64 = Debug|x64
		Debug|x86 = Debug|x86
		Release|x64 = Release|x64
		Release|x86 = Release|x86
	EndGlobalSection
	GlobalSection(ProjectConfigurationPlatforms) = postSolution
		{EA8F2C0A-C2FC-41D3-B649-93C8C2570B28}.Debug|x64.ActiveCfg = Debug|x64
		{EA8F2C0A-C2FC-41D3-B649-93C8C2570B28}.Debug|x64.Build.0 = Debug|x64
		{EA8F2C0A-C2FC-41D3-B649-93C8C2570B28}.Debug|x86.ActiveCfg = Debug|Win32
		{EA8F2C0A-C2FC-41D3-B649-93C8C2570B28}.Debug|x86.Build.0 = Debug|Win32
		{EA8F2C0A-C2FC-41D3-B649-93C8C2570B28}.Release|x64.ActiveCfg = Release|x64
		{EA8F2C0A-C2FC-41D3-B649-93C8C2570B28}.Release|x64.Build.0 = Release|x64
		{EA8F2C0A-C2FC-41D3-B649-93C8C2570B28}.Release|x86.ActiveCfg = Release|Win32
		{EA8F2C0A-C2FC-41D3-B649-93C8C2570B28}.Release|x86.Build.0 = Release|Win32
		{887FD9A9-40E3-4CB5-BD97-2132DF70BD62}.Debug|x64.ActiveCfg = Debug|x64
		{887FD9A9-40E3-4CB5-BD97-2132DF70BD62}.Debug|x64.Build.0 = Debug|x64
		{887FD9A9-40E3-4CB5-BD97-2132DF70BD62}.Debug|x86.ActiveCfg = Debug|Win32
		{887FD9A9-40E3-4CB5-BD97-2132DF70BD62}.Debug|x86.Build.0 = Debug|Win32
		{887FD9A9-40E3-4CB5-BD97-2132DF70BD62}.Release|x64.ActiveCfg = Release|x64
		{887FD9A9-40E3-4CB5-BD97-2132DF70BD62}.Release|x64.Build.0 = Release|x64
		{887FD9A9-40E3-4CB5-BD97-2132DF70BD62}.Release|x86.ActiveCfg = Release|Win32
		{887FD9A9-40E3-4CB5-BD97-2132DF70BD62}.Release|x86.Build.0 = Release|Win32
	EndGlobalSection
	GlobalSection(SolutionProperties) = preSolution
		HideSolutionNode = FALSE
	EndGlobalSection
	GlobalSection(ExtensibilityGlobals) = postSolution
		SolutionGuid = {53BFF08F-4DB4-48A6-8EA5-B3C024F9226C}
	EndGlobalSection
EndGlobal
